
Microsoft Visual Studio Solution File, Format Version 12.00
# Visual Studio Version 17
VisualStudioVersion = 17.0.31903.59
MinimumVisualStudioVersion = 10.0.40219.1
Project("{FAE04EC0-301F-11D3-BF4B-00C04F79EFBC}") = "ConsoleApplication", "ConsoleApplication\ConsoleApplication.csproj", "{5A934CAD-F577-4552-B547-91C1497AFED4}"
EndProject
Project("{FAE04EC0-301F-11D3-BF4B-00C04F79EFBC}") = "TaskType", "TaskType\TaskType.csproj", "{90354F31-D91C-4B10-993A-ABD37EBD44A7}"
EndProject
Project("{FAE04EC0-301F-11D3-BF4B-00C04F79EFBC}") = "TaskTypeСontinuation", "TaskTypeСontinuation\TaskTypeСontinuation.csproj", "{00E9E398-A1CA-412E-9831-B40DC5DD945A}"
EndProject
Project("{FAE04EC0-301F-11D3-BF4B-00C04F79EFBC}") = "TaskTypeContin6", "TaskTypeContin6\TaskTypeContin6.csproj", "{55892904-8329-4B5D-9E51-DFBFEB3C94D3}"
EndProject
Project("{FAE04EC0-301F-11D3-BF4B-00C04F79EFBC}") = "TaskTypeContin7", "TaskTypeContin7\TaskTypeContin7.csproj", "{189891B9-9CA6-41BE-A12F-FF045123902E}"
EndProject
Project("{FAE04EC0-301F-11D3-BF4B-00C04F79EFBC}") = "TaskTypeContin8", "TaskTypeContin8\TaskTypeContin8.csproj", "{1A14689C-35FF-46E7-8045-EA986605B298}"
EndProject
Project("{FAE04EC0-301F-11D3-BF4B-00C04F79EFBC}") = "TaskTypCycle", "TaskTypCycle\TaskTypCycle.csproj", "{45E1DFD6-7600-4C9D-83DF-59459455D9CF}"
EndProject
Project("{FAE04EC0-301F-11D3-BF4B-00C04F79EFBC}") = "TaskTypeCycle2", "TaskTypeCycle2\TaskTypeCycle2.csproj", "{88511364-E784-4E8A-9ABC-FAB66D0558C3}"
EndProject
Project("{FAE04EC0-301F-11D3-BF4B-00C04F79EFBC}") = "TaskMethods", "TaskMethods\TaskMethods.csproj", "{7039BD49-DA9C-455C-AC5F-A7685DCEDE41}"
EndProject
Project("{FAE04EC0-301F-11D3-BF4B-00C04F79EFBC}") = "TaskTypeMethods2", "TaskTypeMethods2\TaskTypeMethods2.csproj", "{5E998755-F197-4E0F-9248-BFF9F1027923}"
EndProject
Project("{FAE04EC0-301F-11D3-BF4B-00C04F79EFBC}") = "TaskTypeMethod3", "TaskTypeMethod3\TaskTypeMethod3.csproj", "{558EF72A-ABB6-4641-9981-8E9911C44FF2}"
EndProject
Global
	GlobalSection(SolutionConfigurationPlatforms) = preSolution
		Debug|Any CPU = Debug|Any CPU
		Release|Any CPU = Release|Any CPU
	EndGlobalSection
	GlobalSection(SolutionProperties) = preSolution
		HideSolutionNode = FALSE
	EndGlobalSection
	GlobalSection(ProjectConfigurationPlatforms) = postSolution
		{5A934CAD-F577-4552-B547-91C1497AFED4}.Debug|Any CPU.ActiveCfg = Debug|Any CPU
		{5A934CAD-F577-4552-B547-91C1497AFED4}.Debug|Any CPU.Build.0 = Debug|Any CPU
		{5A934CAD-F577-4552-B547-91C1497AFED4}.Release|Any CPU.ActiveCfg = Release|Any CPU
		{5A934CAD-F577-4552-B547-91C1497AFED4}.Release|Any CPU.Build.0 = Release|Any CPU
		{90354F31-D91C-4B10-993A-ABD37EBD44A7}.Debug|Any CPU.ActiveCfg = Debug|Any CPU
		{90354F31-D91C-4B10-993A-ABD37EBD44A7}.Debug|Any CPU.Build.0 = Debug|Any CPU
		{90354F31-D91C-4B10-993A-ABD37EBD44A7}.Release|Any CPU.ActiveCfg = Release|Any CPU
		{90354F31-D91C-4B10-993A-ABD37EBD44A7}.Release|Any CPU.Build.0 = Release|Any CPU
		{00E9E398-A1CA-412E-9831-B40DC5DD945A}.Debug|Any CPU.ActiveCfg = Debug|Any CPU
		{00E9E398-A1CA-412E-9831-B40DC5DD945A}.Debug|Any CPU.Build.0 = Debug|Any CPU
		{00E9E398-A1CA-412E-9831-B40DC5DD945A}.Release|Any CPU.ActiveCfg = Release|Any CPU
		{00E9E398-A1CA-412E-9831-B40DC5DD945A}.Release|Any CPU.Build.0 = Release|Any CPU
		{55892904-8329-4B5D-9E51-DFBFEB3C94D3}.Debug|Any CPU.ActiveCfg = Debug|Any CPU
		{55892904-8329-4B5D-9E51-DFBFEB3C94D3}.Debug|Any CPU.Build.0 = Debug|Any CPU
		{55892904-8329-4B5D-9E51-DFBFEB3C94D3}.Release|Any CPU.ActiveCfg = Release|Any CPU
		{55892904-8329-4B5D-9E51-DFBFEB3C94D3}.Release|Any CPU.Build.0 = Release|Any CPU
		{189891B9-9CA6-41BE-A12F-FF045123902E}.Debug|Any CPU.ActiveCfg = Debug|Any CPU
		{189891B9-9CA6-41BE-A12F-FF045123902E}.Debug|Any CPU.Build.0 = Debug|Any CPU
		{189891B9-9CA6-41BE-A12F-FF045123902E}.Release|Any CPU.ActiveCfg = Release|Any CPU
		{189891B9-9CA6-41BE-A12F-FF045123902E}.Release|Any CPU.Build.0 = Release|Any CPU
		{1A14689C-35FF-46E7-8045-EA986605B298}.Debug|Any CPU.ActiveCfg = Debug|Any CPU
		{1A14689C-35FF-46E7-8045-EA986605B298}.Debug|Any CPU.Build.0 = Debug|Any CPU
		{1A14689C-35FF-46E7-8045-EA986605B298}.Release|Any CPU.ActiveCfg = Release|Any CPU
		{1A14689C-35FF-46E7-8045-EA986605B298}.Release|Any CPU.Build.0 = Release|Any CPU
		{45E1DFD6-7600-4C9D-83DF-59459455D9CF}.Debug|Any CPU.ActiveCfg = Debug|Any CPU
		{45E1DFD6-7600-4C9D-83DF-59459455D9CF}.Debug|Any CPU.Build.0 = Debug|Any CPU
		{45E1DFD6-7600-4C9D-83DF-59459455D9CF}.Release|Any CPU.ActiveCfg = Release|Any CPU
		{45E1DFD6-7600-4C9D-83DF-59459455D9CF}.Release|Any CPU.Build.0 = Release|Any CPU
		{88511364-E784-4E8A-9ABC-FAB66D0558C3}.Debug|Any CPU.ActiveCfg = Debug|Any CPU
		{88511364-E784-4E8A-9ABC-FAB66D0558C3}.Debug|Any CPU.Build.0 = Debug|Any CPU
		{88511364-E784-4E8A-9ABC-FAB66D0558C3}.Release|Any CPU.ActiveCfg = Release|Any CPU
		{88511364-E784-4E8A-9ABC-FAB66D0558C3}.Release|Any CPU.Build.0 = Release|Any CPU
		{7039BD49-DA9C-455C-AC5F-A7685DCEDE41}.Debug|Any CPU.ActiveCfg = Debug|Any CPU
		{7039BD49-DA9C-455C-AC5F-A7685DCEDE41}.Debug|Any CPU.Build.0 = Debug|Any CPU
		{7039BD49-DA9C-455C-AC5F-A7685DCEDE41}.Release|Any CPU.ActiveCfg = Release|Any CPU
		{7039BD49-DA9C-455C-AC5F-A7685DCEDE41}.Release|Any CPU.Build.0 = Release|Any CPU
		{5E998755-F197-4E0F-9248-BFF9F1027923}.Debug|Any CPU.ActiveCfg = Debug|Any CPU
		{5E998755-F197-4E0F-9248-BFF9F1027923}.Debug|Any CPU.Build.0 = Debug|Any CPU
		{5E998755-F197-4E0F-9248-BFF9F1027923}.Release|Any CPU.ActiveCfg = Release|Any CPU
		{5E998755-F197-4E0F-9248-BFF9F1027923}.Release|Any CPU.Build.0 = Release|Any CPU
		{558EF72A-ABB6-4641-9981-8E9911C44FF2}.Debug|Any CPU.ActiveCfg = Debug|Any CPU
		{558EF72A-ABB6-4641-9981-8E9911C44FF2}.Debug|Any CPU.Build.0 = Debug|Any CPU
		{558EF72A-ABB6-4641-9981-8E9911C44FF2}.Release|Any CPU.ActiveCfg = Release|Any CPU
		{558EF72A-ABB6-4641-9981-8E9911C44FF2}.Release|Any CPU.Build.0 = Release|Any CPU
	EndGlobalSection
EndGlobal
