
Microsoft Visual Studio Solution File, Format Version 12.00
# Visual Studio Version 17
VisualStudioVersion = 17.0.31903.59
MinimumVisualStudioVersion = 10.0.40219.1
Project("{FAE04EC0-301F-11D3-BF4B-00C04F79EFBC}") = "ConsoleApplication", "ConsoleApplication\ConsoleApplication.csproj", "{5A934CAD-F577-4552-B547-91C1497AFED4}"
EndProject
Project("{FAE04EC0-301F-11D3-BF4B-00C04F79EFBC}") = "TaskType", "TaskType\TaskType.csproj", "{90354F31-D91C-4B10-993A-ABD37EBD44A7}"
EndProject
Project("{FAE04EC0-301F-11D3-BF4B-00C04F79EFBC}") = "TaskTypeСontinuation", "TaskTypeСontinuation\TaskTypeСontinuation.csproj", "{00E9E398-A1CA-412E-9831-B40DC5DD945A}"
EndProject
Global
	GlobalSection(SolutionConfigurationPlatforms) = preSolution
		Debug|Any CPU = Debug|Any CPU
		Release|Any CPU = Release|Any CPU
	EndGlobalSection
	GlobalSection(SolutionProperties) = preSolution
		HideSolutionNode = FALSE
	EndGlobalSection
	GlobalSection(ProjectConfigurationPlatforms) = postSolution
		{5A934CAD-F577-4552-B547-91C1497AFED4}.Debug|Any CPU.ActiveCfg = Debug|Any CPU
		{5A934CAD-F577-4552-B547-91C1497AFED4}.Debug|Any CPU.Build.0 = Debug|Any CPU
		{5A934CAD-F577-4552-B547-91C1497AFED4}.Release|Any CPU.ActiveCfg = Release|Any CPU
		{5A934CAD-F577-4552-B547-91C1497AFED4}.Release|Any CPU.Build.0 = Release|Any CPU
		{90354F31-D91C-4B10-993A-ABD37EBD44A7}.Debug|Any CPU.ActiveCfg = Debug|Any CPU
		{90354F31-D91C-4B10-993A-ABD37EBD44A7}.Debug|Any CPU.Build.0 = Debug|Any CPU
		{90354F31-D91C-4B10-993A-ABD37EBD44A7}.Release|Any CPU.ActiveCfg = Release|Any CPU
		{90354F31-D91C-4B10-993A-ABD37EBD44A7}.Release|Any CPU.Build.0 = Release|Any CPU
		{00E9E398-A1CA-412E-9831-B40DC5DD945A}.Debug|Any CPU.ActiveCfg = Debug|Any CPU
		{00E9E398-A1CA-412E-9831-B40DC5DD945A}.Debug|Any CPU.Build.0 = Debug|Any CPU
		{00E9E398-A1CA-412E-9831-B40DC5DD945A}.Release|Any CPU.ActiveCfg = Release|Any CPU
		{00E9E398-A1CA-412E-9831-B40DC5DD945A}.Release|Any CPU.Build.0 = Release|Any CPU
	EndGlobalSection
EndGlobal
